{
  "lockfileVersion": 1,
  "configVersion": 1,
  "workspaces": {
    "": {
      "name": "us_parcels",
      "dependencies": {
        "@watergis/maplibre-gl-terradraw": "^1.12.1",
        "maplibre-gl": "^5.19.0",
        "pmtiles": "^4.4.0",
      },
      "devDependencies": {
        "@playwright/test": "^1.58.2",
        "@types/bun": "latest",
      },
    },
  },
  "packages": {
    "@mapbox/geojson-rewind": ["@mapbox/geojson-rewind@0.5.2", "", { "dependencies": { "get-stream": "^6.0.1", "minimist": "^1.2.6" }, "bin": { "geojson-rewind": "geojson-rewind" } }, "sha512-tJaT+RbYGJYStt7wI3cq4Nl4SXxG8W7JDG5DMJu97V25RnbNg3QtQtf+KD+VLjNpWKYsRvXDNmNrBgEETr1ifA=="],

    "@mapbox/jsonlint-lines-primitives": ["@mapbox/jsonlint-lines-primitives@2.0.2", "", {}, "sha512-rY0o9A5ECsTQRVhv7tL/OyDpGAoUB4tTvLiW1DSzQGq4bvTPhNw1VpSNjDJc5GFZ2XuyOtSWSVN05qOtcD71qQ=="],

    "@mapbox/point-geometry": ["@mapbox/point-geometry@1.1.0", "", {}, "sha512-YGcBz1cg4ATXDCM/71L9xveh4dynfGmcLDqufR+nQQy3fKwsAZsWd/x4621/6uJaeB9mwOHE6hPeDgXz9uViUQ=="],

    "@mapbox/tiny-sdf": ["@mapbox/tiny-sdf@2.0.7", "", {}, "sha512-25gQLQMcpivjOSA40g3gO6qgiFPDpWRoMfd+G/GoppPIeP6JDaMMkMrEJnMZhKyyS6iKwVt5YKu02vCUyJM3Ug=="],

    "@mapbox/unitbezier": ["@mapbox/unitbezier@0.0.1", "", {}, "sha512-nMkuDXFv60aBr9soUG5q+GvZYL+2KZHVvsqFCzqnkGEf46U2fvmytHaEVc1/YZbiLn8X+eR3QzX1+dwDO1lxlw=="],

    "@mapbox/vector-tile": ["@mapbox/vector-tile@2.0.4", "", { "dependencies": { "@mapbox/point-geometry": "~1.1.0", "@types/geojson": "^7946.0.16", "pbf": "^4.0.1" } }, "sha512-AkOLcbgGTdXScosBWwmmD7cDlvOjkg/DetGva26pIRiZPdeJYjYKarIlb4uxVzi6bwHO6EWH82eZ5Nuv4T5DUg=="],

    "@mapbox/whoots-js": ["@mapbox/whoots-js@3.1.0", "", {}, "sha512-Es6WcD0nO5l+2BOQS4uLfNPYQaNDfbot3X1XUoloz+x0mPDS3eeORZJl06HXjwBG1fOGwCRnzK88LMdxKRrd6Q=="],

    "@maplibre/geojson-vt": ["@maplibre/geojson-vt@5.0.4", "", {}, "sha512-KGg9sma45S+stfH9vPCJk1J0lSDLWZgCT9Y8u8qWZJyjFlP8MNP1WGTxIMYJZjDvVT3PDn05kN1C95Sut1HpgQ=="],

    "@maplibre/maplibre-gl-style-spec": ["@maplibre/maplibre-gl-style-spec@24.5.0", "", { "dependencies": { "@mapbox/jsonlint-lines-primitives": "~2.0.2", "@mapbox/unitbezier": "^0.0.1", "json-stringify-pretty-compact": "^4.0.0", "minimist": "^1.2.8", "quickselect": "^3.0.0", "rw": "^1.3.3", "tinyqueue": "^3.0.0" }, "bin": { "gl-style-migrate": "dist/gl-style-migrate.mjs", "gl-style-validate": "dist/gl-style-validate.mjs", "gl-style-format": "dist/gl-style-format.mjs" } }, "sha512-55sPMCtWAZY7r7ftU2at1SsBJfhJyIE5X16Tbl+uFcnTuiCxEuh6839iq/hgjLM8zUEjXdRu2V30bfsYCNB1Qg=="],

    "@maplibre/mlt": ["@maplibre/mlt@1.1.6", "", { "dependencies": { "@mapbox/point-geometry": "^1.1.0" } }, "sha512-rgtY3x65lrrfXycLf6/T22ZnjTg5WgIOsptOIoCaMZy4O4UAKTyZlYY0h6v8le721pTptF94U65yMDQkug+URw=="],

    "@maplibre/vt-pbf": ["@maplibre/vt-pbf@4.3.0", "", { "dependencies": { "@mapbox/point-geometry": "^1.1.0", "@mapbox/vector-tile": "^2.0.4", "@maplibre/geojson-vt": "^5.0.4", "@types/geojson": "^7946.0.16", "@types/supercluster": "^7.1.3", "pbf": "^4.0.1", "supercluster": "^8.0.1" } }, "sha512-jIvp8F5hQCcreqOOpEt42TJMUlsrEcpf/kI1T2v85YrQRV6PPXUcEXUg5karKtH6oh47XJZ4kHu56pUkOuqA7w=="],

    "@playwright/test": ["@playwright/test@1.58.2", "", { "dependencies": { "playwright": "1.58.2" }, "bin": { "playwright": "cli.js" } }, "sha512-akea+6bHYBBfA9uQqSYmlJXn61cTa+jbO87xVLCWbTqbWadRVmhxlXATaOjOgcBaWU4ePo0wB41KMFv3o35IXA=="],

    "@types/bun": ["@types/bun@1.3.9", "", { "dependencies": { "bun-types": "1.3.9" } }, "sha512-KQ571yULOdWJiMH+RIWIOZ7B2RXQGpL1YQrBtLIV3FqDcCu6FsbFUBwhdKUlCKUpS3PJDsHlJ1QKlpxoVR+xtw=="],

    "@types/geojson": ["@types/geojson@7946.0.16", "", {}, "sha512-6C8nqWur3j98U6+lXDfTUWIfgvZU+EumvpHKcYjujKH7woYyLj2sUmff0tRhrqM7BohUw7Pz3ZB1jj2gW9Fvmg=="],

    "@types/node": ["@types/node@25.3.0", "", { "dependencies": { "undici-types": "~7.18.0" } }, "sha512-4K3bqJpXpqfg2XKGK9bpDTc6xO/xoUP/RBWS7AtRMug6zZFaRekiLzjVtAoZMquxoAbzBvy5nxQ7veS5eYzf8A=="],

    "@types/supercluster": ["@types/supercluster@7.1.3", "", { "dependencies": { "@types/geojson": "*" } }, "sha512-Z0pOY34GDFl3Q6hUFYf3HkTwKEE02e7QgtJppBt+beEAxnyOpJua+voGFvxINBHa06GwLFFym7gRPY2SiKIfIA=="],

    "@watergis/maplibre-gl-terradraw": ["@watergis/maplibre-gl-terradraw@1.12.1", "", { "peerDependencies": { "maplibre-gl": "^4.0.0 || ^5.0.0", "terra-draw": "^1.0.0", "terra-draw-maplibre-gl-adapter": "^1.0.0" }, "optionalPeers": ["terra-draw-maplibre-gl-adapter"] }, "sha512-f7B/WsMxDHfd5N3Wed+exXBlSGs3tiyxvMcLR8pCz2zrhipk2Rof7H4i+kIkepNZZZhTx3os1ryEnI3whu+L/Q=="],

    "bun-types": ["bun-types@1.3.9", "", { "dependencies": { "@types/node": "*" } }, "sha512-+UBWWOakIP4Tswh0Bt0QD0alpTY8cb5hvgiYeWCMet9YukHbzuruIEeXC2D7nMJPB12kbh8C7XJykSexEqGKJg=="],

    "earcut": ["earcut@3.0.2", "", {}, "sha512-X7hshQbLyMJ/3RPhyObLARM2sNxxmRALLKx1+NVFFnQ9gKzmCrxm9+uLIAdBcvc8FNLpctqlQ2V6AE92Ol9UDQ=="],

    "fflate": ["fflate@0.8.2", "", {}, "sha512-cPJU47OaAoCbg0pBvzsgpTPhmhqI5eJjh/JIu8tPj5q+T7iLvW/JAYUqmE7KOB4R1ZyEhzBaIQpQpardBF5z8A=="],

    "fsevents": ["fsevents@2.3.2", "", { "os": "darwin" }, "sha512-xiqMQR4xAeHTuB9uWm+fFRcIOgKBMiOBP+eXiyT7jsgVCq1bkVygt00oASowB7EdtpOHaaPgKt812P9ab+DDKA=="],

    "get-stream": ["get-stream@6.0.1", "", {}, "sha512-ts6Wi+2j3jQjqi70w5AlN8DFnkSwC+MqmxEzdEALB2qXZYV3X/b1CTfgPLGJNMeAWxdPfU8FO1ms3NUfaHCPYg=="],

    "gl-matrix": ["gl-matrix@3.4.4", "", {}, "sha512-latSnyDNt/8zYUB6VIJ6PCh2jBjJX6gnDsoCZ7LyW7GkqrD51EWwa9qCoGixj8YqBtETQK/xY7OmpTF8xz1DdQ=="],

    "json-stringify-pretty-compact": ["json-stringify-pretty-compact@4.0.0", "", {}, "sha512-3CNZ2DnrpByG9Nqj6Xo8vqbjT4F6N+tb4Gb28ESAZjYZ5yqvmc56J+/kuIwkaAMOyblTQhUW7PxMkUb8Q36N3Q=="],

    "kdbush": ["kdbush@4.0.2", "", {}, "sha512-WbCVYJ27Sz8zi9Q7Q0xHC+05iwkm3Znipc2XTlrnJbsHMYktW4hPhXUE8Ys1engBrvffoSCqbil1JQAa7clRpA=="],

    "maplibre-gl": ["maplibre-gl@5.19.0", "", { "dependencies": { "@mapbox/geojson-rewind": "^0.5.2", "@mapbox/jsonlint-lines-primitives": "^2.0.2", "@mapbox/point-geometry": "^1.1.0", "@mapbox/tiny-sdf": "^2.0.7", "@mapbox/unitbezier": "^0.0.1", "@mapbox/vector-tile": "^2.0.4", "@mapbox/whoots-js": "^3.1.0", "@maplibre/geojson-vt": "^5.0.4", "@maplibre/maplibre-gl-style-spec": "^24.4.1", "@maplibre/mlt": "^1.1.6", "@maplibre/vt-pbf": "^4.2.1", "@types/geojson": "^7946.0.16", "@types/supercluster": "^7.1.3", "earcut": "^3.0.2", "gl-matrix": "^3.4.4", "kdbush": "^4.0.2", "murmurhash-js": "^1.0.0", "pbf": "^4.0.1", "potpack": "^2.1.0", "quickselect": "^3.0.0", "supercluster": "^8.0.1", "tinyqueue": "^3.0.0" } }, "sha512-REhYUN8gNP3HlcIZS6QU2uy8iovl31cXsrNDkCcqWSQbCkcpdYLczqDz5PVIwNH42UQNyvukjes/RoHPDrOUmQ=="],

    "minimist": ["minimist@1.2.8", "", {}, "sha512-2yyAR8qBkN3YuheJanUpWC5U3bb5osDywNB8RzDVlDwDHbocAJveqqj1u8+SVD7jkWT4yvsHCpWqqWqAxb0zCA=="],

    "murmurhash-js": ["murmurhash-js@1.0.0", "", {}, "sha512-TvmkNhkv8yct0SVBSy+o8wYzXjE4Zz3PCesbfs8HiCXXdcTuocApFv11UWlNFWKYsP2okqrhb7JNlSm9InBhIw=="],

    "pbf": ["pbf@4.0.1", "", { "dependencies": { "resolve-protobuf-schema": "^2.1.0" }, "bin": { "pbf": "bin/pbf" } }, "sha512-SuLdBvS42z33m8ejRbInMapQe8n0D3vN/Xd5fmWM3tufNgRQFBpaW2YVJxQZV4iPNqb0vEFvssMEo5w9c6BTIA=="],

    "playwright": ["playwright@1.58.2", "", { "dependencies": { "playwright-core": "1.58.2" }, "optionalDependencies": { "fsevents": "2.3.2" }, "bin": { "playwright": "cli.js" } }, "sha512-vA30H8Nvkq/cPBnNw4Q8TWz1EJyqgpuinBcHET0YVJVFldr8JDNiU9LaWAE1KqSkRYazuaBhTpB5ZzShOezQ6A=="],

    "playwright-core": ["playwright-core@1.58.2", "", { "bin": { "playwright-core": "cli.js" } }, "sha512-yZkEtftgwS8CsfYo7nm0KE8jsvm6i/PTgVtB8DL726wNf6H2IMsDuxCpJj59KDaxCtSnrWan2AeDqM7JBaultg=="],

    "pmtiles": ["pmtiles@4.4.0", "", { "dependencies": { "fflate": "^0.8.2" } }, "sha512-tCLI1C5134MR54i8izUWhse0QUtO/EC33n9yWp1N5dYLLvyc197U0fkF5gAJhq1TdWO9Tvl+9hgvFvM0fR27Zg=="],

    "potpack": ["potpack@2.1.0", "", {}, "sha512-pcaShQc1Shq0y+E7GqJqvZj8DTthWV1KeHGdi0Z6IAin2Oi3JnLCOfwnCo84qc+HAp52wT9nK9H7FAJp5a44GQ=="],

    "protocol-buffers-schema": ["protocol-buffers-schema@3.6.0", "", {}, "sha512-TdDRD+/QNdrCGCE7v8340QyuXd4kIWIgapsE2+n/SaGiSSbomYl4TjHlvIoCWRpE7wFt02EpB35VVA2ImcBVqw=="],

    "quickselect": ["quickselect@3.0.0", "", {}, "sha512-XdjUArbK4Bm5fLLvlm5KpTFOiOThgfWWI4axAZDWg4E/0mKdZyI9tNEfds27qCi1ze/vwTR16kvmmGhRra3c2g=="],

    "resolve-protobuf-schema": ["resolve-protobuf-schema@2.1.0", "", { "dependencies": { "protocol-buffers-schema": "^3.3.1" } }, "sha512-kI5ffTiZWmJaS/huM8wZfEMer1eRd7oJQhDuxeCLe3t7N7mX3z94CN0xPxBQxFYQTSNz9T0i+v6inKqSdK8xrQ=="],

    "rw": ["rw@1.3.3", "", {}, "sha512-PdhdWy89SiZogBLaw42zdeqtRJ//zFd2PgQavcICDUgJT5oW10QCRKbJ6bg4r0/UY2M6BWd5tkxuGFRvCkgfHQ=="],

    "supercluster": ["supercluster@8.0.1", "", { "dependencies": { "kdbush": "^4.0.2" } }, "sha512-IiOea5kJ9iqzD2t7QJq/cREyLHTtSmUT6gQsweojg9WH2sYJqZK9SswTu6jrscO6D1G5v5vYZ9ru/eq85lXeZQ=="],

    "terra-draw": ["terra-draw@1.25.0", "", {}, "sha512-SQFdY6ObBqln01NFcYjrsVLPoAxHgl3fJszqU0pkDkxNIbV7FZUM102BcC2v9xXQ5Tr8hhnBELf1qG4GaXcALQ=="],

    "tinyqueue": ["tinyqueue@3.0.0", "", {}, "sha512-gRa9gwYU3ECmQYv3lslts5hxuIa90veaEcxDYuu3QGOIAEM2mOZkVHp48ANJuu1CURtRdHKUBY5Lm1tHV+sD4g=="],

    "undici-types": ["undici-types@7.18.2", "", {}, "sha512-AsuCzffGHJybSaRrmr5eHr81mwJU3kjw6M+uprWvCXiNeN9SOGwQ3Jn8jb8m3Z6izVgknn1R0FTCEAP2QrLY/w=="],
  }
}
